PODS:
  - Masonry (1.1.0)
  - NYSTK (0.0.7):
    - Masonry (>= 1.0.0)

DEPENDENCIES:
  - NYSTK (from `../../NYSTK`)

SPEC REPOS:
  https://github.com/CocoaPods/Specs.git:
    - Masonry

EXTERNAL SOURCES:
  NYSTK:
    :path: "../../NYSTK"

SPEC CHECKSUMS:
  Masonry: 678fab65091a9290e40e2832a55e7ab731aad201
  NYSTK: e70d388b47cf38d0c275b032b193ee56ca7dcddd

PODFILE CHECKSUM: 8043e38af16a18200eddc0578c1381ab192f776d

COCOAPODS: 1.10.0
